// !$*UTF8*$!
{
	archiveVersion = 1;
	classes = {
	};
	objectVersion = 48;
	objects = {

/* Begin PBXBuildFile section */
		8113980F1FCDC24A004D68B2 /* AppDelegate.swift in Sources */ = {isa = PBXBuildFile; fileRef = 8113980E1FCDC24A004D68B2 /* AppDelegate.swift */; };
		811398111FCDC24A004D68B2 /* ViewController.swift in Sources */ = {isa = PBXBuildFile; fileRef = 811398101FCDC24A004D68B2 /* ViewController.swift */; };
		811398141FCDC24A004D68B2 /* Main.storyboard in Resources */ = {isa = PBXBuildFile; fileRef = 811398121FCDC24A004D68B2 /* Main.storyboard */; };
		811398161FCDC24A004D68B2 /* Assets.xcassets in Resources */ = {isa = PBXBuildFile; fileRef = 811398151FCDC24A004D68B2 /* Assets.xcassets */; };
		811398191FCDC24A004D68B2 /* LaunchScreen.storyboard in Resources */ = {isa = PBXBuildFile; fileRef = 811398171FCDC24A004D68B2 /* LaunchScreen.storyboard */; };
		811398241FCDC24A004D68B2 /* LoadingImagesBooksTests.swift in Sources */ = {isa = PBXBuildFile; fileRef = 811398231FCDC24A004D68B2 /* LoadingImagesBooksTests.swift */; };
		8113982F1FCDC24A004D68B2 /* LoadingImagesBooksUITests.swift in Sources */ = {isa = PBXBuildFile; fileRef = 8113982E1FCDC24A004D68B2 /* LoadingImagesBooksUITests.swift */; };
		8113983F1FCDC452004D68B2 /* Book.swift in Sources */ = {isa = PBXBuildFile; fileRef = 8113983E1FCDC452004D68B2 /* Book.swift */; };
		811398411FCDC580004D68B2 /* BooksViewController.swift in Sources */ = {isa = PBXBuildFile; fileRef = 811398401FCDC580004D68B2 /* BooksViewController.swift */; };
		811398441FCDCC2B004D68B2 /* NetworkHelper.swift in Sources */ = {isa = PBXBuildFile; fileRef = 811398431FCDCC2B004D68B2 /* NetworkHelper.swift */; };
		811398461FCDCCBE004D68B2 /* AppError.swift in Sources */ = {isa = PBXBuildFile; fileRef = 811398451FCDCCBE004D68B2 /* AppError.swift */; };
		811398481FCDCF26004D68B2 /* BookAPIClient.swift in Sources */ = {isa = PBXBuildFile; fileRef = 811398471FCDCF26004D68B2 /* BookAPIClient.swift */; };
		8113984A1FCDD424004D68B2 /* ImageAPIClient.swift in Sources */ = {isa = PBXBuildFile; fileRef = 811398491FCDD424004D68B2 /* ImageAPIClient.swift */; };
		8113984C1FCDDA78004D68B2 /* BookDetailViewController.swift in Sources */ = {isa = PBXBuildFile; fileRef = 8113984B1FCDDA78004D68B2 /* BookDetailViewController.swift */; };
/* End PBXBuildFile section */

/* Begin PBXContainerItemProxy section */
		811398201FCDC24A004D68B2 /* PBXContainerItemProxy */ = {
			isa = PBXContainerItemProxy;
			containerPortal = 811398031FCDC249004D68B2 /* Project object */;
			proxyType = 1;
			remoteGlobalIDString = 8113980A1FCDC24A004D68B2;
			remoteInfo = LoadingImagesBooks;
		};
		8113982B1FCDC24A004D68B2 /* PBXContainerItemProxy */ = {
			isa = PBXContainerItemProxy;
			containerPortal = 811398031FCDC249004D68B2 /* Project object */;
			proxyType = 1;
			remoteGlobalIDString = 8113980A1FCDC24A004D68B2;
			remoteInfo = LoadingImagesBooks;
		};
/* End PBXContainerItemProxy section */

/* Begin PBXFileReference section */
		8113980B1FCDC24A004D68B2 /* LoadingImagesBooks.app */ = {isa = PBXFileReference; explicitFileType = wrapper.application; includeInIndex = 0; path = LoadingImagesBooks.app; sourceTree = BUILT_PRODUCTS_DIR; };
		8113980E1FCDC24A004D68B2 /* AppDelegate.swift */ = {isa = PBXFileReference; lastKnownFileType = sourcecode.swift; path = AppDelegate.swift; sourceTree = "<group>"; };
		811398101FCDC24A004D68B2 /* ViewController.swift */ = {isa = PBXFileReference; lastKnownFileType = sourcecode.swift; path = ViewController.swift; sourceTree = "<group>"; };
		811398131FCDC24A004D68B2 /* Base */ = {isa = PBXFileReference; lastKnownFileType = file.storyboard; name = Base; path = Base.lproj/Main.storyboard; sourceTree = "<group>"; };
		811398151FCDC24A004D68B2 /* Assets.xcassets */ = {isa = PBXFileReference; lastKnownFileType = folder.assetcatalog; path = Assets.xcassets; sourceTree = "<group>"; };
		811398181FCDC24A004D68B2 /* Base */ = {isa = PBXFileReference; lastKnownFileType = file.storyboard; name = Base; path = Base.lproj/LaunchScreen.storyboard; sourceTree = "<group>"; };
		8113981A1FCDC24A004D68B2 /* Info.plist */ = {isa = PBXFileReference; lastKnownFileType = text.plist.xml; path = Info.plist; sourceTree = "<group>"; };
		8113981F1FCDC24A004D68B2 /* LoadingImagesBooksTests.xctest */ = {isa = PBXFileReference; explicitFileType = wrapper.cfbundle; includeInIndex = 0; path = LoadingImagesBooksTests.xctest; sourceTree = BUILT_PRODUCTS_DIR; };
		811398231FCDC24A004D68B2 /* LoadingImagesBooksTests.swift */ = {isa = PBXFileReference; lastKnownFileType = sourcecode.swift; path = LoadingImagesBooksTests.swift; sourceTree = "<group>"; };
		811398251FCDC24A004D68B2 /* Info.plist */ = {isa = PBXFileReference; lastKnownFileType = text.plist.xml; path = Info.plist; sourceTree = "<group>"; };
		8113982A1FCDC24A004D68B2 /* LoadingImagesBooksUITests.xctest */ = {isa = PBXFileReference; explicitFileType = wrapper.cfbundle; includeInIndex = 0; path = LoadingImagesBooksUITests.xctest; sourceTree = BUILT_PRODUCTS_DIR; };
		8113982E1FCDC24A004D68B2 /* LoadingImagesBooksUITests.swift */ = {isa = PBXFileReference; lastKnownFileType = sourcecode.swift; path = LoadingImagesBooksUITests.swift; sourceTree = "<group>"; };
		811398301FCDC24A004D68B2 /* Info.plist */ = {isa = PBXFileReference; lastKnownFileType = text.plist.xml; path = Info.plist; sourceTree = "<group>"; };
		8113983E1FCDC452004D68B2 /* Book.swift */ = {isa = PBXFileReference; lastKnownFileType = sourcecode.swift; path = Book.swift; sourceTree = "<group>"; };
		811398401FCDC580004D68B2 /* BooksViewController.swift */ = {isa = PBXFileReference; lastKnownFileType = sourcecode.swift; path = BooksViewController.swift; sourceTree = "<group>"; };
		811398431FCDCC2B004D68B2 /* NetworkHelper.swift */ = {isa = PBXFileReference; lastKnownFileType = sourcecode.swift; path = NetworkHelper.swift; sourceTree = "<group>"; };
		811398451FCDCCBE004D68B2 /* AppError.swift */ = {isa = PBXFileReference; lastKnownFileType = sourcecode.swift; path = AppError.swift; sourceTree = "<group>"; };
		811398471FCDCF26004D68B2 /* BookAPIClient.swift */ = {isa = PBXFileReference; lastKnownFileType = sourcecode.swift; path = BookAPIClient.swift; sourceTree = "<group>"; };
		811398491FCDD424004D68B2 /* ImageAPIClient.swift */ = {isa = PBXFileReference; lastKnownFileType = sourcecode.swift; path = ImageAPIClient.swift; sourceTree = "<group>"; };
		8113984B1FCDDA78004D68B2 /* BookDetailViewController.swift */ = {isa = PBXFileReference; lastKnownFileType = sourcecode.swift; path = BookDetailViewController.swift; sourceTree = "<group>"; };
/* End PBXFileReference section */

/* Begin PBXFrameworksBuildPhase section */
		811398081FCDC24A004D68B2 /* Frameworks */ = {
			isa = PBXFrameworksBuildPhase;
			buildActionMask = 2147483647;
			files = (
			);
			runOnlyForDeploymentPostprocessing = 0;
		};
		8113981C1FCDC24A004D68B2 /* Frameworks */ = {
			isa = PBXFrameworksBuildPhase;
			buildActionMask = 2147483647;
			files = (
			);
			runOnlyForDeploymentPostprocessing = 0;
		};
		811398271FCDC24A004D68B2 /* Frameworks */ = {
			isa = PBXFrameworksBuildPhase;
			buildActionMask = 2147483647;
			files = (
			);
			runOnlyForDeploymentPostprocessing = 0;
		};
/* End PBXFrameworksBuildPhase section */

/* Begin PBXGroup section */
		811398021FCDC249004D68B2 = {
			isa = PBXGroup;
			children = (
				8113980D1FCDC24A004D68B2 /* LoadingImagesBooks */,
				811398221FCDC24A004D68B2 /* LoadingImagesBooksTests */,
				8113982D1FCDC24A004D68B2 /* LoadingImagesBooksUITests */,
				8113980C1FCDC24A004D68B2 /* Products */,
			);
			sourceTree = "<group>";
		};
		8113980C1FCDC24A004D68B2 /* Products */ = {
			isa = PBXGroup;
			children = (
				8113980B1FCDC24A004D68B2 /* LoadingImagesBooks.app */,
				8113981F1FCDC24A004D68B2 /* LoadingImagesBooksTests.xctest */,
				8113982A1FCDC24A004D68B2 /* LoadingImagesBooksUITests.xctest */,
			);
			name = Products;
			sourceTree = "<group>";
		};
		8113980D1FCDC24A004D68B2 /* LoadingImagesBooks */ = {
			isa = PBXGroup;
			children = (
				811398421FCDC586004D68B2 /* View Controllers */,
				8113983D1FCDC440004D68B2 /* Model */,
				8113983C1FCDC258004D68B2 /* Suppported Files */,
				811398101FCDC24A004D68B2 /* ViewController.swift */,
				811398121FCDC24A004D68B2 /* Main.storyboard */,
				8113981A1FCDC24A004D68B2 /* Info.plist */,
			);
			path = LoadingImagesBooks;
			sourceTree = "<group>";
		};
		811398221FCDC24A004D68B2 /* LoadingImagesBooksTests */ = {
			isa = PBXGroup;
			children = (
				811398231FCDC24A004D68B2 /* LoadingImagesBooksTests.swift */,
				811398251FCDC24A004D68B2 /* Info.plist */,
			);
			path = LoadingImagesBooksTests;
			sourceTree = "<group>";
		};
		8113982D1FCDC24A004D68B2 /* LoadingImagesBooksUITests */ = {
			isa = PBXGroup;
			children = (
				8113982E1FCDC24A004D68B2 /* LoadingImagesBooksUITests.swift */,
				811398301FCDC24A004D68B2 /* Info.plist */,
			);
			path = LoadingImagesBooksUITests;
			sourceTree = "<group>";
		};
		8113983C1FCDC258004D68B2 /* Suppported Files */ = {
			isa = PBXGroup;
			children = (
				8113980E1FCDC24A004D68B2 /* AppDelegate.swift */,
				811398171FCDC24A004D68B2 /* LaunchScreen.storyboard */,
				811398151FCDC24A004D68B2 /* Assets.xcassets */,
			);
			path = "Suppported Files";
			sourceTree = "<group>";
		};
		8113983D1FCDC440004D68B2 /* Model */ = {
			isa = PBXGroup;
			children = (
				811398431FCDCC2B004D68B2 /* NetworkHelper.swift */,
				811398451FCDCCBE004D68B2 /* AppError.swift */,
				8113983E1FCDC452004D68B2 /* Book.swift */,
				811398471FCDCF26004D68B2 /* BookAPIClient.swift */,
				811398491FCDD424004D68B2 /* ImageAPIClient.swift */,
			);
			path = Model;
			sourceTree = "<group>";
		};
		811398421FCDC586004D68B2 /* View Controllers */ = {
			isa = PBXGroup;
			children = (
				811398401FCDC580004D68B2 /* BooksViewController.swift */,
				8113984B1FCDDA78004D68B2 /* BookDetailViewController.swift */,
			);
			path = "View Controllers";
			sourceTree = "<group>";
		};
/* End PBXGroup section */

/* Begin PBXNativeTarget section */
		8113980A1FCDC24A004D68B2 /* LoadingImagesBooks */ = {
			isa = PBXNativeTarget;
			buildConfigurationList = 811398331FCDC24A004D68B2 /* Build configuration list for PBXNativeTarget "LoadingImagesBooks" */;
			buildPhases = (
				811398071FCDC24A004D68B2 /* Sources */,
				811398081FCDC24A004D68B2 /* Frameworks */,
				811398091FCDC24A004D68B2 /* Resources */,
			);
			buildRules = (
			);
			dependencies = (
			);
			name = LoadingImagesBooks;
			productName = LoadingImagesBooks;
			productReference = 8113980B1FCDC24A004D68B2 /* LoadingImagesBooks.app */;
			productType = "com.apple.product-type.application";
		};
		8113981E1FCDC24A004D68B2 /* LoadingImagesBooksTests */ = {
			isa = PBXNativeTarget;
			buildConfigurationList = 811398361FCDC24A004D68B2 /* Build configuration list for PBXNativeTarget "LoadingImagesBooksTests" */;
			buildPhases = (
				8113981B1FCDC24A004D68B2 /* Sources */,
				8113981C1FCDC24A004D68B2 /* Frameworks */,
				8113981D1FCDC24A004D68B2 /* Resources */,
			);
			buildRules = (
			);
			dependencies = (
				811398211FCDC24A004D68B2 /* PBXTargetDependency */,
			);
			name = LoadingImagesBooksTests;
			productName = LoadingImagesBooksTests;
			productReference = 8113981F1FCDC24A004D68B2 /* LoadingImagesBooksTests.xctest */;
			productType = "com.apple.product-type.bundle.unit-test";
		};
		811398291FCDC24A004D68B2 /* LoadingImagesBooksUITests */ = {
			isa = PBXNativeTarget;
			buildConfigurationList = 811398391FCDC24A004D68B2 /* Build configuration list for PBXNativeTarget "LoadingImagesBooksUITests" */;
			buildPhases = (
				811398261FCDC24A004D68B2 /* Sources */,
				811398271FCDC24A004D68B2 /* Frameworks */,
				811398281FCDC24A004D68B2 /* Resources */,
			);
			buildRules = (
			);
			dependencies = (
				8113982C1FCDC24A004D68B2 /* PBXTargetDependency */,
			);
			name = LoadingImagesBooksUITests;
			productName = LoadingImagesBooksUITests;
			productReference = 8113982A1FCDC24A004D68B2 /* LoadingImagesBooksUITests.xctest */;
			productType = "com.apple.product-type.bundle.ui-testing";
		};
/* End PBXNativeTarget section */

/* Begin PBXProject section */
		811398031FCDC249004D68B2 /* Project object */ = {
			isa = PBXProject;
			attributes = {
				LastSwiftUpdateCheck = 0910;
				LastUpgradeCheck = 0910;
				ORGANIZATIONNAME = C4Q;
				TargetAttributes = {
					8113980A1FCDC24A004D68B2 = {
						CreatedOnToolsVersion = 9.1;
						ProvisioningStyle = Automatic;
					};
					8113981E1FCDC24A004D68B2 = {
						CreatedOnToolsVersion = 9.1;
						ProvisioningStyle = Automatic;
						TestTargetID = 8113980A1FCDC24A004D68B2;
					};
					811398291FCDC24A004D68B2 = {
						CreatedOnToolsVersion = 9.1;
						ProvisioningStyle = Automatic;
						TestTargetID = 8113980A1FCDC24A004D68B2;
					};
				};
			};
			buildConfigurationList = 811398061FCDC249004D68B2 /* Build configuration list for PBXProject "LoadingImagesBooks" */;
			compatibilityVersion = "Xcode 8.0";
			developmentRegion = en;
			hasScannedForEncodings = 0;
			knownRegions = (
				en,
				Base,
			);
			mainGroup = 811398021FCDC249004D68B2;
			productRefGroup = 8113980C1FCDC24A004D68B2 /* Products */;
			projectDirPath = "";
			projectRoot = "";
			targets = (
				8113980A1FCDC24A004D68B2 /* LoadingImagesBooks */,
				8113981E1FCDC24A004D68B2 /* LoadingImagesBooksTests */,
				811398291FCDC24A004D68B2 /* LoadingImagesBooksUITests */,
			);
		};
/* End PBXProject section */

/* Begin PBXResourcesBuildPhase section */
		811398091FCDC24A004D68B2 /* Resources */ = {
			isa = PBXResourcesBuildPhase;
			buildActionMask = 2147483647;
			files = (
				811398191FCDC24A004D68B2 /* LaunchScreen.storyboard in Resources */,
				811398161FCDC24A004D68B2 /* Assets.xcassets in Resources */,
				811398141FCDC24A004D68B2 /* Main.storyboard in Resources */,
			);
			runOnlyForDeploymentPostprocessing = 0;
		};
		8113981D1FCDC24A004D68B2 /* Resources */ = {
			isa = PBXResourcesBuildPhase;
			buildActionMask = 2147483647;
			files = (
			);
			runOnlyForDeploymentPostprocessing = 0;
		};
		811398281FCDC24A004D68B2 /* Resources */ = {
			isa = PBXResourcesBuildPhase;
			buildActionMask = 2147483647;
			files = (
			);
			runOnlyForDeploymentPostprocessing = 0;
		};
/* End PBXResourcesBuildPhase section */

/* Begin PBXSourcesBuildPhase section */
		811398071FCDC24A004D68B2 /* Sources */ = {
			isa = PBXSourcesBuildPhase;
			buildActionMask = 2147483647;
			files = (
				811398481FCDCF26004D68B2 /* BookAPIClient.swift in Sources */,
				811398111FCDC24A004D68B2 /* ViewController.swift in Sources */,
				811398411FCDC580004D68B2 /* BooksViewController.swift in Sources */,
				8113984A1FCDD424004D68B2 /* ImageAPIClient.swift in Sources */,
				811398461FCDCCBE004D68B2 /* AppError.swift in Sources */,
				8113984C1FCDDA78004D68B2 /* BookDetailViewController.swift in Sources */,
				811398441FCDCC2B004D68B2 /* NetworkHelper.swift in Sources */,
				8113980F1FCDC24A004D68B2 /* AppDelegate.swift in Sources */,
				8113983F1FCDC452004D68B2 /* Book.swift in Sources */,
			);
			runOnlyForDeploymentPostprocessing = 0;
		};
		8113981B1FCDC24A004D68B2 /* Sources */ = {
			isa = PBXSourcesBuildPhase;
			buildActionMask = 2147483647;
			files = (
				811398241FCDC24A004D68B2 /* LoadingImagesBooksTests.swift in Sources */,
			);
			runOnlyForDeploymentPostprocessing = 0;
		};
		811398261FCDC24A004D68B2 /* Sources */ = {
			isa = PBXSourcesBuildPhase;
			buildActionMask = 2147483647;
			files = (
				8113982F1FCDC24A004D68B2 /* LoadingImagesBooksUITests.swift in Sources */,
			);
			runOnlyForDeploymentPostprocessing = 0;
		};
/* End PBXSourcesBuildPhase section */

/* Begin PBXTargetDependency section */
		811398211FCDC24A004D68B2 /* PBXTargetDependency */ = {
			isa = PBXTargetDependency;
			target = 8113980A1FCDC24A004D68B2 /* LoadingImagesBooks */;
			targetProxy = 811398201FCDC24A004D68B2 /* PBXContainerItemProxy */;
		};
		8113982C1FCDC24A004D68B2 /* PBXTargetDependency */ = {
			isa = PBXTargetDependency;
			target = 8113980A1FCDC24A004D68B2 /* LoadingImagesBooks */;
			targetProxy = 8113982B1FCDC24A004D68B2 /* PBXContainerItemProxy */;
		};
/* End PBXTargetDependency section */

/* Begin PBXVariantGroup section */
		811398121FCDC24A004D68B2 /* Main.storyboard */ = {
			isa = PBXVariantGroup;
			children = (
				811398131FCDC24A004D68B2 /* Base */,
			);
			name = Main.storyboard;
			sourceTree = "<group>";
		};
		811398171FCDC24A004D68B2 /* LaunchScreen.storyboard */ = {
			isa = PBXVariantGroup;
			children = (
				811398181FCDC24A004D68B2 /* Base */,
			);
			name = LaunchScreen.storyboard;
			sourceTree = "<group>";
		};
/* End PBXVariantGroup section */

/* Begin XCBuildConfiguration section */
		811398311FCDC24A004D68B2 /* Debug */ = {
			isa = XCBuildConfiguration;
			buildSettings = {
				ALWAYS_SEARCH_USER_PATHS = NO;
				CLANG_ANALYZER_NONNULL = YES;
				CLANG_ANALYZER_NUMBER_OBJECT_CONVERSION = YES_AGGRESSIVE;
				CLANG_CXX_LANGUAGE_STANDARD = "gnu++14";
				CLANG_CXX_LIBRARY = "libc++";
				CLANG_ENABLE_MODULES = YES;
				CLANG_ENABLE_OBJC_ARC = YES;
				CLANG_WARN_BLOCK_CAPTURE_AUTORELEASING = YES;
				CLANG_WARN_BOOL_CONVERSION = YES;
				CLANG_WARN_COMMA = YES;
				CLANG_WARN_CONSTANT_CONVERSION = YES;
				CLANG_WARN_DIRECT_OBJC_ISA_USAGE = YES_ERROR;
				CLANG_WARN_DOCUMENTATION_COMMENTS = YES;
				CLANG_WARN_EMPTY_BODY = YES;
				CLANG_WARN_ENUM_CONVERSION = YES;
				CLANG_WARN_INFINITE_RECURSION = YES;
				CLANG_WARN_INT_CONVERSION = YES;
				CLANG_WARN_NON_LITERAL_NULL_CONVERSION = YES;
				CLANG_WARN_OBJC_LITERAL_CONVERSION = YES;
				CLANG_WARN_OBJC_ROOT_CLASS = YES_ERROR;
				CLANG_WARN_RANGE_LOOP_ANALYSIS = YES;
				CLANG_WARN_STRICT_PROTOTYPES = YES;
				CLANG_WARN_SUSPICIOUS_MOVE = YES;
				CLANG_WARN_UNGUARDED_AVAILABILITY = YES_AGGRESSIVE;
				CLANG_WARN_UNREACHABLE_CODE = YES;
				CLANG_WARN__DUPLICATE_METHOD_MATCH = YES;
				CODE_SIGN_IDENTITY = "iPhone Developer";
				COPY_PHASE_STRIP = NO;
				DEBUG_INFORMATION_FORMAT = dwarf;
				ENABLE_STRICT_OBJC_MSGSEND = YES;
				ENABLE_TESTABILITY = YES;
				GCC_C_LANGUAGE_STANDARD = gnu11;
				GCC_DYNAMIC_NO_PIC = NO;
				GCC_NO_COMMON_BLOCKS = YES;
				GCC_OPTIMIZATION_LEVEL = 0;
				GCC_PREPROCESSOR_DEFINITIONS = (
					"DEBUG=1",
					"$(inherited)",
				);
				GCC_WARN_64_TO_32_BIT_CONVERSION = YES;
				GCC_WARN_ABOUT_RETURN_TYPE = YES_ERROR;
				GCC_WARN_UNDECLARED_SELECTOR = YES;
				GCC_WARN_UNINITIALIZED_AUTOS = YES_AGGRESSIVE;
				GCC_WARN_UNUSED_FUNCTION = YES;
				GCC_WARN_UNUSED_VARIABLE = YES;
				IPHONEOS_DEPLOYMENT_TARGET = 11.1;
				MTL_ENABLE_DEBUG_INFO = YES;
				ONLY_ACTIVE_ARCH = YES;
				SDKROOT = iphoneos;
				SWIFT_ACTIVE_COMPILATION_CONDITIONS = DEBUG;
				SWIFT_OPTIMIZATION_LEVEL = "-Onone";
			};
			name = Debug;
		};
		811398321FCDC24A004D68B2 /* Release */ = {
			isa = XCBuildConfiguration;
			buildSettings = {
				ALWAYS_SEARCH_USER_PATHS = NO;
				CLANG_ANALYZER_NONNULL = YES;
				CLANG_ANALYZER_NUMBER_OBJECT_CONVERSION = YES_AGGRESSIVE;
				CLANG_CXX_LANGUAGE_STANDARD = "gnu++14";
				CLANG_CXX_LIBRARY = "libc++";
				CLANG_ENABLE_MODULES = YES;
				CLANG_ENABLE_OBJC_ARC = YES;
				CLANG_WARN_BLOCK_CAPTURE_AUTORELEASING = YES;
				CLANG_WARN_BOOL_CONVERSION = YES;
				CLANG_WARN_COMMA = YES;
				CLANG_WARN_CONSTANT_CONVERSION = YES;
				CLANG_WARN_DIRECT_OBJC_ISA_USAGE = YES_ERROR;
				CLANG_WARN_DOCUMENTATION_COMMENTS = YES;
				CLANG_WARN_EMPTY_BODY = YES;
				CLANG_WARN_ENUM_CONVERSION = YES;
				CLANG_WARN_INFINITE_RECURSION = YES;
				CLANG_WARN_INT_CONVERSION = YES;
				CLANG_WARN_NON_LITERAL_NULL_CONVERSION = YES;
				CLANG_WARN_OBJC_LITERAL_CONVERSION = YES;
				CLANG_WARN_OBJC_ROOT_CLASS = YES_ERROR;
				CLANG_WARN_RANGE_LOOP_ANALYSIS = YES;
				CLANG_WARN_STRICT_PROTOTYPES = YES;
				CLANG_WARN_SUSPICIOUS_MOVE = YES;
				CLANG_WARN_UNGUARDED_AVAILABILITY = YES_AGGRESSIVE;
				CLANG_WARN_UNREACHABLE_CODE = YES;
				CLANG_WARN__DUPLICATE_METHOD_MATCH = YES;
				CODE_SIGN_IDENTITY = "iPhone Developer";
				COPY_PHASE_STRIP = NO;
				DEBUG_INFORMATION_FORMAT = "dwarf-with-dsym";
				ENABLE_NS_ASSERTIONS = NO;
				ENABLE_STRICT_OBJC_MSGSEND = YES;
				GCC_C_LANGUAGE_STANDARD = gnu11;
				GCC_NO_COMMON_BLOCKS = YES;
				GCC_WARN_64_TO_32_BIT_CONVERSION = YES;
				GCC_WARN_ABOUT_RETURN_TYPE = YES_ERROR;
				GCC_WARN_UNDECLARED_SELECTOR = YES;
				GCC_WARN_UNINITIALIZED_AUTOS = YES_AGGRESSIVE;
				GCC_WARN_UNUSED_FUNCTION = YES;
				GCC_WARN_UNUSED_VARIABLE = YES;
				IPHONEOS_DEPLOYMENT_TARGET = 11.1;
				MTL_ENABLE_DEBUG_INFO = NO;
				SDKROOT = iphoneos;
				SWIFT_OPTIMIZATION_LEVEL = "-Owholemodule";
				VALIDATE_PRODUCT = YES;
			};
			name = Release;
		};
		811398341FCDC24A004D68B2 /* Debug */ = {
			isa = XCBuildConfiguration;
			buildSettings = {
				ASSETCATALOG_COMPILER_APPICON_NAME = AppIcon;
				CODE_SIGN_STYLE = Automatic;
				INFOPLIST_FILE = LoadingImagesBooks/Info.plist;
				LD_RUNPATH_SEARCH_PATHS = "$(inherited) @executable_path/Frameworks";
				PRODUCT_BUNDLE_IDENTIFIER = ac.c4q.nyc.LoadingImagesBooks;
				PRODUCT_NAME = "$(TARGET_NAME)";
				SWIFT_VERSION = 4.0;
				TARGETED_DEVICE_FAMILY = "1,2";
			};
			name = Debug;
		};
		811398351FCDC24A004D68B2 /* Release */ = {
			isa = XCBuildConfiguration;
			buildSettings = {
				ASSETCATALOG_COMPILER_APPICON_NAME = AppIcon;
				CODE_SIGN_STYLE = Automatic;
				INFOPLIST_FILE = LoadingImagesBooks/Info.plist;
				LD_RUNPATH_SEARCH_PATHS = "$(inherited) @executable_path/Frameworks";
				PRODUCT_BUNDLE_IDENTIFIER = ac.c4q.nyc.LoadingImagesBooks;
				PRODUCT_NAME = "$(TARGET_NAME)";
				SWIFT_VERSION = 4.0;
				TARGETED_DEVICE_FAMILY = "1,2";
			};
			name = Release;
		};
		811398371FCDC24A004D68B2 /* Debug */ = {
			isa = XCBuildConfiguration;
			buildSettings = {
				ALWAYS_EMBED_SWIFT_STANDARD_LIBRARIES = YES;
				BUNDLE_LOADER = "$(TEST_HOST)";
				CODE_SIGN_STYLE = Automatic;
				INFOPLIST_FILE = LoadingImagesBooksTests/Info.plist;
				LD_RUNPATH_SEARCH_PATHS = "$(inherited) @executable_path/Frameworks @loader_path/Frameworks";
				PRODUCT_BUNDLE_IDENTIFIER = ac.c4q.nyc.LoadingImagesBooksTests;
				PRODUCT_NAME = "$(TARGET_NAME)";
				SWIFT_VERSION = 4.0;
				TARGETED_DEVICE_FAMILY = "1,2";
				TEST_HOST = "$(BUILT_PRODUCTS_DIR)/LoadingImagesBooks.app/LoadingImagesBooks";
			};
			name = Debug;
		};
		811398381FCDC24A004D68B2 /* Release */ = {
			isa = XCBuildConfiguration;
			buildSettings = {
				ALWAYS_EMBED_SWIFT_STANDARD_LIBRARIES = YES;
				BUNDLE_LOADER = "$(TEST_HOST)";
				CODE_SIGN_STYLE = Automatic;
				INFOPLIST_FILE = LoadingImagesBooksTests/Info.plist;
				LD_RUNPATH_SEARCH_PATHS = "$(inherited) @executable_path/Frameworks @loader_path/Frameworks";
				PRODUCT_BUNDLE_IDENTIFIER = ac.c4q.nyc.LoadingImagesBooksTests;
				PRODUCT_NAME = "$(TARGET_NAME)";
				SWIFT_VERSION = 4.0;
				TARGETED_DEVICE_FAMILY = "1,2";
				TEST_HOST = "$(BUILT_PRODUCTS_DIR)/LoadingImagesBooks.app/LoadingImagesBooks";
			};
			name = Release;
		};
		8113983A1FCDC24A004D68B2 /* Debug */ = {
			isa = XCBuildConfiguration;
			buildSettings = {
				ALWAYS_EMBED_SWIFT_STANDARD_LIBRARIES = YES;
				CODE_SIGN_STYLE = Automatic;
				INFOPLIST_FILE = LoadingImagesBooksUITests/Info.plist;
				LD_RUNPATH_SEARCH_PATHS = "$(inherited) @executable_path/Frameworks @loader_path/Frameworks";
				PRODUCT_BUNDLE_IDENTIFIER = ac.c4q.nyc.LoadingImagesBooksUITests;
				PRODUCT_NAME = "$(TARGET_NAME)";
				SWIFT_VERSION = 4.0;
				TARGETED_DEVICE_FAMILY = "1,2";
				TEST_TARGET_NAME = LoadingImagesBooks;
			};
			name = Debug;
		};
		8113983B1FCDC24A004D68B2 /* Release */ = {
			isa = XCBuildConfiguration;
			buildSettings = {
				ALWAYS_EMBED_SWIFT_STANDARD_LIBRARIES = YES;
				CODE_SIGN_STYLE = Automatic;
				INFOPLIST_FILE = LoadingImagesBooksUITests/Info.plist;
				LD_RUNPATH_SEARCH_PATHS = "$(inherited) @executable_path/Frameworks @loader_path/Frameworks";
				PRODUCT_BUNDLE_IDENTIFIER = ac.c4q.nyc.LoadingImagesBooksUITests;
				PRODUCT_NAME = "$(TARGET_NAME)";
				SWIFT_VERSION = 4.0;
				TARGETED_DEVICE_FAMILY = "1,2";
				TEST_TARGET_NAME = LoadingImagesBooks;
			};
			name = Release;
		};
/* End XCBuildConfiguration section */

/* Begin XCConfigurationList section */
		811398061FCDC249004D68B2 /* Build configuration list for PBXProject "LoadingImagesBooks" */ = {
			isa = XCConfigurationList;
			buildConfigurations = (
				811398311FCDC24A004D68B2 /* Debug */,
				811398321FCDC24A004D68B2 /* Release */,
			);
			defaultConfigurationIsVisible = 0;
			defaultConfigurationName = Release;
		};
		811398331FCDC24A004D68B2 /* Build configuration list for PBXNativeTarget "LoadingImagesBooks" */ = {
			isa = XCConfigurationList;
			buildConfigurations = (
				811398341FCDC24A004D68B2 /* Debug */,
				811398351FCDC24A004D68B2 /* Release */,
			);
			defaultConfigurationIsVisible = 0;
			defaultConfigurationName = Release;
		};
		811398361FCDC24A004D68B2 /* Build configuration list for PBXNativeTarget "LoadingImagesBooksTests" */ = {
			isa = XCConfigurationList;
			buildConfigurations = (
				811398371FCDC24A004D68B2 /* Debug */,
				811398381FCDC24A004D68B2 /* Release */,
			);
			defaultConfigurationIsVisible = 0;
			defaultConfigurationName = Release;
		};
		811398391FCDC24A004D68B2 /* Build configuration list for PBXNativeTarget "LoadingImagesBooksUITests" */ = {
			isa = XCConfigurationList;
			buildConfigurations = (
				8113983A1FCDC24A004D68B2 /* Debug */,
				8113983B1FCDC24A004D68B2 /* Release */,
			);
			defaultConfigurationIsVisible = 0;
			defaultConfigurationName = Release;
		};
/* End XCConfigurationList section */
	};
	rootObject = 811398031FCDC249004D68B2 /* Project object */;
}
